PODS:
  - iPromise (1.1.2)
  - iService (0.0.3):
    - iPromise (~> 1.1)
  - Nocilla (0.10.0)

DEPENDENCIES:
  - iService (~> 0.0)
  - Nocilla

SPEC CHECKSUMS:
  iPromise: bb0109c174f792c619fd6215799214ef60e74060
  iService: 8b65ecce3ca12732079b78d550f01942dc6916fa
  Nocilla: ae0a2b05f3087b473624ac2b25903695df51246a

COCOAPODS: 0.39.0
